
Microsoft Visual Studio Solution File, Format Version 12.00
# Visual Studio Version 16
VisualStudioVersion = 16.0.29920.165
MinimumVisualStudioVersion = 10.0.40219.1
Project("{FAE04EC0-301F-11D3-BF4B-00C04F79EFBC}") = "GooglePago", "GooglePago\GooglePago.csproj", "{992F9488-7829-4486-8C2F-0B18460706AC}"
EndProject
Global
	GlobalSection(SolutionConfigurationPlatforms) = preSolution
		Debug|Any CPU = Debug|Any CPU
		Release|Any CPU = Release|Any CPU
	EndGlobalSection
	GlobalSection(ProjectConfigurationPlatforms) = postSolution
		{992F9488-7829-4486-8C2F-0B18460706AC}.Debug|Any CPU.ActiveCfg = Debug|Any CPU
		{992F9488-7829-4486-8C2F-0B18460706AC}.Debug|Any CPU.Build.0 = Debug|Any CPU
		{992F9488-7829-4486-8C2F-0B18460706AC}.Release|Any CPU.ActiveCfg = Release|Any CPU
		{992F9488-7829-4486-8C2F-0B18460706AC}.Release|Any CPU.Build.0 = Release|Any CPU
	EndGlobalSection
	GlobalSection(SolutionProperties) = preSolution
		HideSolutionNode = FALSE
	EndGlobalSection
	GlobalSection(ExtensibilityGlobals) = postSolution
		SolutionGuid = {17384E3C-E9B4-462E-BDCB-4EC1DB37554A}
	EndGlobalSection
EndGlobal
